// !$*UTF8*$!
{
	archiveVersion = 1;
	classes = {
	};
	objectVersion = 46;
	objects = {

/* Begin PBXBuildFile section */
		A254F6E41963499A009CB175 /* CookieCutterMasks.swift in Sources */ = {isa = PBXBuildFile; fileRef = A254F6E31963499A009CB175 /* CookieCutterMasks.swift */; };
		A2EAD732196347DD00914EBB /* AppDelegate.swift in Sources */ = {isa = PBXBuildFile; fileRef = A2EAD731196347DD00914EBB /* AppDelegate.swift */; };
		A2EAD734196347DD00914EBB /* ViewController.swift in Sources */ = {isa = PBXBuildFile; fileRef = A2EAD733196347DD00914EBB /* ViewController.swift */; };
		A2EAD737196347DD00914EBB /* Main.storyboard in Resources */ = {isa = PBXBuildFile; fileRef = A2EAD735196347DD00914EBB /* Main.storyboard */; };
		A2EAD739196347DD00914EBB /* Images.xcassets in Resources */ = {isa = PBXBuildFile; fileRef = A2EAD738196347DD00914EBB /* Images.xcassets */; };
		A2EAD745196347DD00914EBB /* Cookie_CutterTests.swift in Sources */ = {isa = PBXBuildFile; fileRef = A2EAD744196347DD00914EBB /* Cookie_CutterTests.swift */; };
/* End PBXBuildFile section */

/* Begin PBXContainerItemProxy section */
		A2EAD73F196347DD00914EBB /* PBXContainerItemProxy */ = {
			isa = PBXContainerItemProxy;
			containerPortal = A2EAD724196347DD00914EBB /* Project object */;
			proxyType = 1;
			remoteGlobalIDString = A2EAD72B196347DD00914EBB;
			remoteInfo = "Cookie Cutter";
		};
/* End PBXContainerItemProxy section */

/* Begin PBXFileReference section */
		A254F6E31963499A009CB175 /* CookieCutterMasks.swift */ = {isa = PBXFileReference; fileEncoding = 4; lastKnownFileType = sourcecode.swift; path = CookieCutterMasks.swift; sourceTree = "<group>"; };
		A254F6E5196349AF009CB175 /* CookieCutterPlayground.playground */ = {isa = PBXFileReference; lastKnownFileType = file.playground; path = CookieCutterPlayground.playground; sourceTree = "<group>"; };
		A2EAD72C196347DD00914EBB /* Cookie Cutter.app */ = {isa = PBXFileReference; explicitFileType = wrapper.application; includeInIndex = 0; path = "Cookie Cutter.app"; sourceTree = BUILT_PRODUCTS_DIR; };
		A2EAD730196347DD00914EBB /* Info.plist */ = {isa = PBXFileReference; lastKnownFileType = text.plist.xml; path = Info.plist; sourceTree = "<group>"; };
		A2EAD731196347DD00914EBB /* AppDelegate.swift */ = {isa = PBXFileReference; lastKnownFileType = sourcecode.swift; path = AppDelegate.swift; sourceTree = "<group>"; };
		A2EAD733196347DD00914EBB /* ViewController.swift */ = {isa = PBXFileReference; lastKnownFileType = sourcecode.swift; path = ViewController.swift; sourceTree = "<group>"; };
		A2EAD736196347DD00914EBB /* Base */ = {isa = PBXFileReference; lastKnownFileType = file.storyboard; name = Base; path = Base.lproj/Main.storyboard; sourceTree = "<group>"; };
		A2EAD738196347DD00914EBB /* Images.xcassets */ = {isa = PBXFileReference; lastKnownFileType = folder.assetcatalog; path = Images.xcassets; sourceTree = "<group>"; };
		A2EAD73E196347DD00914EBB /* Cookie CutterTests.xctest */ = {isa = PBXFileReference; explicitFileType = wrapper.cfbundle; includeInIndex = 0; path = "Cookie CutterTests.xctest"; sourceTree = BUILT_PRODUCTS_DIR; };
		A2EAD743196347DD00914EBB /* Info.plist */ = {isa = PBXFileReference; lastKnownFileType = text.plist.xml; path = Info.plist; sourceTree = "<group>"; };
		A2EAD744196347DD00914EBB /* Cookie_CutterTests.swift */ = {isa = PBXFileReference; lastKnownFileType = sourcecode.swift; path = Cookie_CutterTests.swift; sourceTree = "<group>"; };
/* End PBXFileReference section */

/* Begin PBXFrameworksBuildPhase section */
		A2EAD729196347DD00914EBB /* Frameworks */ = {
			isa = PBXFrameworksBuildPhase;
			buildActionMask = 2147483647;
			files = (
			);
			runOnlyForDeploymentPostprocessing = 0;
		};
		A2EAD73B196347DD00914EBB /* Frameworks */ = {
			isa = PBXFrameworksBuildPhase;
			buildActionMask = 2147483647;
			files = (
			);
			runOnlyForDeploymentPostprocessing = 0;
		};
/* End PBXFrameworksBuildPhase section */

/* Begin PBXGroup section */
		A2EAD723196347DD00914EBB = {
			isa = PBXGroup;
			children = (
				A2EAD72E196347DD00914EBB /* Cookie Cutter */,
				A2EAD741196347DD00914EBB /* Cookie CutterTests */,
				A2EAD72D196347DD00914EBB /* Products */,
			);
			sourceTree = "<group>";
		};
		A2EAD72D196347DD00914EBB /* Products */ = {
			isa = PBXGroup;
			children = (
				A2EAD72C196347DD00914EBB /* Cookie Cutter.app */,
				A2EAD73E196347DD00914EBB /* Cookie CutterTests.xctest */,
			);
			name = Products;
			sourceTree = "<group>";
		};
		A2EAD72E196347DD00914EBB /* Cookie Cutter */ = {
			isa = PBXGroup;
			children = (
				A2EAD731196347DD00914EBB /* AppDelegate.swift */,
				A2EAD733196347DD00914EBB /* ViewController.swift */,
				A2EAD735196347DD00914EBB /* Main.storyboard */,
				A2EAD738196347DD00914EBB /* Images.xcassets */,
				A2EAD72F196347DD00914EBB /* Supporting Files */,
				A254F6E31963499A009CB175 /* CookieCutterMasks.swift */,
				A254F6E5196349AF009CB175 /* CookieCutterPlayground.playground */,
			);
			path = "Cookie Cutter";
			sourceTree = "<group>";
		};
		A2EAD72F196347DD00914EBB /* Supporting Files */ = {
			isa = PBXGroup;
			children = (
				A2EAD730196347DD00914EBB /* Info.plist */,
			);
			name = "Supporting Files";
			sourceTree = "<group>";
		};
		A2EAD741196347DD00914EBB /* Cookie CutterTests */ = {
			isa = PBXGroup;
			children = (
				A2EAD744196347DD00914EBB /* Cookie_CutterTests.swift */,
				A2EAD742196347DD00914EBB /* Supporting Files */,
			);
			path = "Cookie CutterTests";
			sourceTree = "<group>";
		};
		A2EAD742196347DD00914EBB /* Supporting Files */ = {
			isa = PBXGroup;
			children = (
				A2EAD743196347DD00914EBB /* Info.plist */,
			);
			name = "Supporting Files";
			sourceTree = "<group>";
		};
/* End PBXGroup section */

/* Begin PBXNativeTarget section */
		A2EAD72B196347DD00914EBB /* Cookie Cutter */ = {
			isa = PBXNativeTarget;
			buildConfigurationList = A2EAD748196347DD00914EBB /* Build configuration list for PBXNativeTarget "Cookie Cutter" */;
			buildPhases = (
				A2EAD728196347DD00914EBB /* Sources */,
				A2EAD729196347DD00914EBB /* Frameworks */,
				A2EAD72A196347DD00914EBB /* Resources */,
			);
			buildRules = (
			);
			dependencies = (
			);
			name = "Cookie Cutter";
			productName = "Cookie Cutter";
			productReference = A2EAD72C196347DD00914EBB /* Cookie Cutter.app */;
			productType = "com.apple.product-type.application";
		};
		A2EAD73D196347DD00914EBB /* Cookie CutterTests */ = {
			isa = PBXNativeTarget;
			buildConfigurationList = A2EAD74B196347DD00914EBB /* Build configuration list for PBXNativeTarget "Cookie CutterTests" */;
			buildPhases = (
				A2EAD73A196347DD00914EBB /* Sources */,
				A2EAD73B196347DD00914EBB /* Frameworks */,
				A2EAD73C196347DD00914EBB /* Resources */,
			);
			buildRules = (
			);
			dependencies = (
				A2EAD740196347DD00914EBB /* PBXTargetDependency */,
			);
			name = "Cookie CutterTests";
			productName = "Cookie CutterTests";
			productReference = A2EAD73E196347DD00914EBB /* Cookie CutterTests.xctest */;
			productType = "com.apple.product-type.bundle.unit-test";
		};
/* End PBXNativeTarget section */

/* Begin PBXProject section */
		A2EAD724196347DD00914EBB /* Project object */ = {
			isa = PBXProject;
			attributes = {
				LastUpgradeCheck = 0600;
				ORGANIZATIONNAME = "Chris Lowe";
				TargetAttributes = {
					A2EAD72B196347DD00914EBB = {
						CreatedOnToolsVersion = 6.0;
					};
					A2EAD73D196347DD00914EBB = {
						CreatedOnToolsVersion = 6.0;
						TestTargetID = A2EAD72B196347DD00914EBB;
					};
				};
			};
			buildConfigurationList = A2EAD727196347DD00914EBB /* Build configuration list for PBXProject "Cookie Cutter" */;
			compatibilityVersion = "Xcode 3.2";
			developmentRegion = English;
			hasScannedForEncodings = 0;
			knownRegions = (
				en,
				Base,
			);
			mainGroup = A2EAD723196347DD00914EBB;
			productRefGroup = A2EAD72D196347DD00914EBB /* Products */;
			projectDirPath = "";
			projectRoot = "";
			targets = (
				A2EAD72B196347DD00914EBB /* Cookie Cutter */,
				A2EAD73D196347DD00914EBB /* Cookie CutterTests */,
			);
		};
/* End PBXProject section */

/* Begin PBXResourcesBuildPhase section */
		A2EAD72A196347DD00914EBB /* Resources */ = {
			isa = PBXResourcesBuildPhase;
			buildActionMask = 2147483647;
			files = (
				A2EAD737196347DD00914EBB /* Main.storyboard in Resources */,
				A2EAD739196347DD00914EBB /* Images.xcassets in Resources */,
			);
			runOnlyForDeploymentPostprocessing = 0;
		};
		A2EAD73C196347DD00914EBB /* Resources */ = {
			isa = PBXResourcesBuildPhase;
			buildActionMask = 2147483647;
			files = (
			);
			runOnlyForDeploymentPostprocessing = 0;
		};
/* End PBXResourcesBuildPhase section */

/* Begin PBXSourcesBuildPhase section */
		A2EAD728196347DD00914EBB /* Sources */ = {
			isa = PBXSourcesBuildPhase;
			buildActionMask = 2147483647;
			files = (
				A2EAD734196347DD00914EBB /* ViewController.swift in Sources */,
				A2EAD732196347DD00914EBB /* AppDelegate.swift in Sources */,
				A254F6E41963499A009CB175 /* CookieCutterMasks.swift in Sources */,
			);
			runOnlyForDeploymentPostprocessing = 0;
		};
		A2EAD73A196347DD00914EBB /* Sources */ = {
			isa = PBXSourcesBuildPhase;
			buildActionMask = 2147483647;
			files = (
				A2EAD745196347DD00914EBB /* Cookie_CutterTests.swift in Sources */,
			);
			runOnlyForDeploymentPostprocessing = 0;
		};
/* End PBXSourcesBuildPhase section */

/* Begin PBXTargetDependency section */
		A2EAD740196347DD00914EBB /* PBXTargetDependency */ = {
			isa = PBXTargetDependency;
			target = A2EAD72B196347DD00914EBB /* Cookie Cutter */;
			targetProxy = A2EAD73F196347DD00914EBB /* PBXContainerItemProxy */;
		};
/* End PBXTargetDependency section */

/* Begin PBXVariantGroup section */
		A2EAD735196347DD00914EBB /* Main.storyboard */ = {
			isa = PBXVariantGroup;
			children = (
				A2EAD736196347DD00914EBB /* Base */,
			);
			name = Main.storyboard;
			sourceTree = "<group>";
		};
/* End PBXVariantGroup section */

/* Begin XCBuildConfiguration section */
		A2EAD746196347DD00914EBB /* Debug */ = {
			isa = XCBuildConfiguration;
			buildSettings = {
				ALWAYS_SEARCH_USER_PATHS = NO;
				CLANG_CXX_LANGUAGE_STANDARD = "gnu++0x";
				CLANG_CXX_LIBRARY = "libc++";
				CLANG_ENABLE_MODULES = YES;
				CLANG_ENABLE_OBJC_ARC = YES;
				CLANG_WARN_BOOL_CONVERSION = YES;
				CLANG_WARN_CONSTANT_CONVERSION = YES;
				CLANG_WARN_DIRECT_OBJC_ISA_USAGE = YES_ERROR;
				CLANG_WARN_EMPTY_BODY = YES;
				CLANG_WARN_ENUM_CONVERSION = YES;
				CLANG_WARN_INT_CONVERSION = YES;
				CLANG_WARN_OBJC_ROOT_CLASS = YES_ERROR;
				CLANG_WARN_UNREACHABLE_CODE = YES;
				CLANG_WARN__DUPLICATE_METHOD_MATCH = YES;
				"CODE_SIGN_IDENTITY[sdk=iphoneos*]" = "iPhone Developer";
				COPY_PHASE_STRIP = NO;
				ENABLE_STRICT_OBJC_MSGSEND = YES;
				GCC_C_LANGUAGE_STANDARD = gnu99;
				GCC_DYNAMIC_NO_PIC = NO;
				GCC_OPTIMIZATION_LEVEL = 0;
				GCC_PREPROCESSOR_DEFINITIONS = (
					"DEBUG=1",
					"$(inherited)",
				);
				GCC_SYMBOLS_PRIVATE_EXTERN = NO;
				GCC_WARN_64_TO_32_BIT_CONVERSION = YES;
				GCC_WARN_ABOUT_RETURN_TYPE = YES_ERROR;
				GCC_WARN_UNDECLARED_SELECTOR = YES;
				GCC_WARN_UNINITIALIZED_AUTOS = YES_AGGRESSIVE;
				GCC_WARN_UNUSED_FUNCTION = YES;
				GCC_WARN_UNUSED_VARIABLE = YES;
				IPHONEOS_DEPLOYMENT_TARGET = 8.0;
				METAL_ENABLE_DEBUG_INFO = YES;
				ONLY_ACTIVE_ARCH = YES;
				SDKROOT = iphoneos;
				SWIFT_OPTIMIZATION_LEVEL = "-Onone";
				TARGETED_DEVICE_FAMILY = "1,2";
			};
			name = Debug;
		};
		A2EAD747196347DD00914EBB /* Release */ = {
			isa = XCBuildConfiguration;
			buildSettings = {
				ALWAYS_SEARCH_USER_PATHS = NO;
				CLANG_CXX_LANGUAGE_STANDARD = "gnu++0x";
				CLANG_CXX_LIBRARY = "libc++";
				CLANG_ENABLE_MODULES = YES;
				CLANG_ENABLE_OBJC_ARC = YES;
				CLANG_WARN_BOOL_CONVERSION = YES;
				CLANG_WARN_CONSTANT_CONVERSION = YES;
				CLANG_WARN_DIRECT_OBJC_ISA_USAGE = YES_ERROR;
				CLANG_WARN_EMPTY_BODY = YES;
				CLANG_WARN_ENUM_CONVERSION = YES;
				CLANG_WARN_INT_CONVERSION = YES;
				CLANG_WARN_OBJC_ROOT_CLASS = YES_ERROR;
				CLANG_WARN_UNREACHABLE_CODE = YES;
				CLANG_WARN__DUPLICATE_METHOD_MATCH = YES;
				"CODE_SIGN_IDENTITY[sdk=iphoneos*]" = "iPhone Developer";
				COPY_PHASE_STRIP = YES;
				ENABLE_NS_ASSERTIONS = NO;
				ENABLE_STRICT_OBJC_MSGSEND = YES;
				GCC_C_LANGUAGE_STANDARD = gnu99;
				GCC_WARN_64_TO_32_BIT_CONVERSION = YES;
				GCC_WARN_ABOUT_RETURN_TYPE = YES_ERROR;
				GCC_WARN_UNDECLARED_SELECTOR = YES;
				GCC_WARN_UNINITIALIZED_AUTOS = YES_AGGRESSIVE;
				GCC_WARN_UNUSED_FUNCTION = YES;
				GCC_WARN_UNUSED_VARIABLE = YES;
				IPHONEOS_DEPLOYMENT_TARGET = 8.0;
				METAL_ENABLE_DEBUG_INFO = NO;
				SDKROOT = iphoneos;
				TARGETED_DEVICE_FAMILY = "1,2";
				VALIDATE_PRODUCT = YES;
			};
			name = Release;
		};
		A2EAD749196347DD00914EBB /* Debug */ = {
			isa = XCBuildConfiguration;
			buildSettings = {
				ASSETCATALOG_COMPILER_APPICON_NAME = AppIcon;
				ASSETCATALOG_COMPILER_LAUNCHIMAGE_NAME = LaunchImage;
				INFOPLIST_FILE = "Cookie Cutter/Info.plist";
				LD_RUNPATH_SEARCH_PATHS = "$(inherited) @executable_path/Frameworks";
				PRODUCT_NAME = "$(TARGET_NAME)";
			};
			name = Debug;
		};
		A2EAD74A196347DD00914EBB /* Release */ = {
			isa = XCBuildConfiguration;
			buildSettings = {
				ASSETCATALOG_COMPILER_APPICON_NAME = AppIcon;
				ASSETCATALOG_COMPILER_LAUNCHIMAGE_NAME = LaunchImage;
				INFOPLIST_FILE = "Cookie Cutter/Info.plist";
				LD_RUNPATH_SEARCH_PATHS = "$(inherited) @executable_path/Frameworks";
				PRODUCT_NAME = "$(TARGET_NAME)";
			};
			name = Release;
		};
		A2EAD74C196347DD00914EBB /* Debug */ = {
			isa = XCBuildConfiguration;
			buildSettings = {
				BUNDLE_LOADER = "$(BUILT_PRODUCTS_DIR)/Cookie Cutter.app/Cookie Cutter";
				FRAMEWORK_SEARCH_PATHS = (
					"$(SDKROOT)/Developer/Library/Frameworks",
					"$(inherited)",
				);
				GCC_PREPROCESSOR_DEFINITIONS = (
					"DEBUG=1",
					"$(inherited)",
				);
				INFOPLIST_FILE = "Cookie CutterTests/Info.plist";
				LD_RUNPATH_SEARCH_PATHS = "$(inherited) @executable_path/Frameworks @loader_path/Frameworks";
				METAL_ENABLE_DEBUG_INFO = YES;
				PRODUCT_NAME = "$(TARGET_NAME)";
				TEST_HOST = "$(BUNDLE_LOADER)";
			};
			name = Debug;
		};
		A2EAD74D196347DD00914EBB /* Release */ = {
			isa = XCBuildConfiguration;
			buildSettings = {
				BUNDLE_LOADER = "$(BUILT_PRODUCTS_DIR)/Cookie Cutter.app/Cookie Cutter";
				FRAMEWORK_SEARCH_PATHS = (
					"$(SDKROOT)/Developer/Library/Frameworks",
					"$(inherited)",
				);
				INFOPLIST_FILE = "Cookie CutterTests/Info.plist";
				LD_RUNPATH_SEARCH_PATHS = "$(inherited) @executable_path/Frameworks @loader_path/Frameworks";
				METAL_ENABLE_DEBUG_INFO = NO;
				PRODUCT_NAME = "$(TARGET_NAME)";
				TEST_HOST = "$(BUNDLE_LOADER)";
			};
			name = Release;
		};
/* End XCBuildConfiguration section */

/* Begin XCConfigurationList section */
		A2EAD727196347DD00914EBB /* Build configuration list for PBXProject "Cookie Cutter" */ = {
			isa = XCConfigurationList;
			buildConfigurations = (
				A2EAD746196347DD00914EBB /* Debug */,
				A2EAD747196347DD00914EBB /* Release */,
			);
			defaultConfigurationIsVisible = 0;
			defaultConfigurationName = Release;
		};
		A2EAD748196347DD00914EBB /* Build configuration list for PBXNativeTarget "Cookie Cutter" */ = {
			isa = XCConfigurationList;
			buildConfigurations = (
				A2EAD749196347DD00914EBB /* Debug */,
				A2EAD74A196347DD00914EBB /* Release */,
			);
			defaultConfigurationIsVisible = 0;
			defaultConfigurationName = Release;
		};
		A2EAD74B196347DD00914EBB /* Build configuration list for PBXNativeTarget "Cookie CutterTests" */ = {
			isa = XCConfigurationList;
			buildConfigurations = (
				A2EAD74C196347DD00914EBB /* Debug */,
				A2EAD74D196347DD00914EBB /* Release */,
			);
			defaultConfigurationIsVisible = 0;
			defaultConfigurationName = Release;
		};
/* End XCConfigurationList section */
	};
	rootObject = A2EAD724196347DD00914EBB /* Project object */;
}
